{
  "name": "io.cronapp.apps.test",
  "version": "1.0.0",
  "lockfileVersion": 1,
  "requires": true,
  "dependencies": {
    "@zxing/library": {
      "version": "0.18.5",
      "resolved": "https://nexus.cronapp.io/repository/npm-group/@zxing/library/-/library-0.18.5.tgz",
      "integrity": "sha512-ipJeSBUQXgrJbgRotmDiSr+1/EeEJFPHbODrewGdz1sDbhWS+iWuHMrboqy/J+zbzYj3h5W7RGUsbkGY+34DKw==",
      "requires": {
        "@zxing/text-encoding": "~0.9.0",
        "ts-custom-error": "^3.0.0"
      }
    },
    "@zxing/text-encoding": {
      "version": "0.9.0",
      "resolved": "https://nexus.cronapp.io/repository/npm-group/@zxing/text-encoding/-/text-encoding-0.9.0.tgz",
      "integrity": "sha512-U/4aVJ2mxI0aDNI8Uq0wEhMgY+u4CNtEb0om3+y3+niDAsoTCOB33UF0sxpzqzdqXLqmvc+vZyAt4O8pPdfkwA==",
      "optional": true
    },
    "cronapi-js": {
      "version": "2.9.4-RC.1",
      "resolved": "https://nexus.cronapp.io/repository/npm-group/cronapi-js/-/cronapi-js-2.9.4-RC.1.tgz",
      "integrity": "sha512-Gfc0NGV7nchiCOoKmtzZA/v7Hc2+HcP/avdKjEe3yP8+rf/82EVOu1uyqJtZQgfMz37SRp6r+C+/JQVo1Z9KWQ==",
      "requires": {
        "@zxing/library": "0.18.5",
        "natives": "1.1.6"
      }
    },
    "natives": {
      "version": "1.1.6",
      "resolved": "https://nexus.cronapp.io/repository/npm-group/natives/-/natives-1.1.6.tgz",
      "integrity": "sha512-6+TDFewD4yxY14ptjKaS63GVdtKiES1pTPyxn9Jb0rBqPMZ7VcCiooEhPNsr+mqHtMGxa/5c/HhcC4uPEUw/nA=="
    },
    "ts-custom-error": {
      "version": "3.3.1",
      "resolved": "https://nexus.cronapp.io/repository/npm-group/ts-custom-error/-/ts-custom-error-3.3.1.tgz",
      "integrity": "sha512-5OX1tzOjxWEgsr/YEUWSuPrQ00deKLh6D7OTWcvNHm12/7QPyRh8SYpyWvA4IZv8H/+GQWQEh/kwo95Q9OVW1A=="
    }
  }
}
